
Microsoft Visual Studio Solution File, Format Version 12.00
# Visual Studio 15
VisualStudioVersion = 15.0.28010.2019
MinimumVisualStudioVersion = 10.0.40219.1
Project("{FAE04EC0-301F-11D3-BF4B-00C04F79EFBC}") = "DateProject1", "DateProject1\DateProject1.csproj", "{77096D7C-1D8C-40F7-A159-DCC229AC553F}"
EndProject
Global
	GlobalSection(SolutionConfigurationPlatforms) = preSolution
		Debug|Any CPU = Debug|Any CPU
		Release|Any CPU = Release|Any CPU
	EndGlobalSection
	GlobalSection(ProjectConfigurationPlatforms) = postSolution
		{77096D7C-1D8C-40F7-A159-DCC229AC553F}.Debug|Any CPU.ActiveCfg = Debug|Any CPU
		{77096D7C-1D8C-40F7-A159-DCC229AC553F}.Debug|Any CPU.Build.0 = Debug|Any CPU
		{77096D7C-1D8C-40F7-A159-DCC229AC553F}.Release|Any CPU.ActiveCfg = Release|Any CPU
		{77096D7C-1D8C-40F7-A159-DCC229AC553F}.Release|Any CPU.Build.0 = Release|Any CPU
	EndGlobalSection
	GlobalSection(SolutionProperties) = preSolution
		HideSolutionNode = FALSE
	EndGlobalSection
	GlobalSection(ExtensibilityGlobals) = postSolution
		SolutionGuid = {D5604414-1942-49D6-A938-B7854B3FBCBE}
	EndGlobalSection
EndGlobal
